
Microsoft Visual Studio Solution File, Format Version 12.00
# Visual Studio Version 16
VisualStudioVersion = 16.0.31019.35
MinimumVisualStudioVersion = 10.0.40219.1
Project("{FAE04EC0-301F-11D3-BF4B-00C04F79EFBC}") = "WebAPI", "WebAPI\WebAPI.csproj", "{F2EFF47B-1B72-4097-B895-51BC046C35F7}"
EndProject
Global
	GlobalSection(SolutionConfigurationPlatforms) = preSolution
		Debug|Any CPU = Debug|Any CPU
		Release|Any CPU = Release|Any CPU
	EndGlobalSection
	GlobalSection(ProjectConfigurationPlatforms) = postSolution
		{F2EFF47B-1B72-4097-B895-51BC046C35F7}.Debug|Any CPU.ActiveCfg = Debug|Any CPU
		{F2EFF47B-1B72-4097-B895-51BC046C35F7}.Debug|Any CPU.Build.0 = Debug|Any CPU
		{F2EFF47B-1B72-4097-B895-51BC046C35F7}.Release|Any CPU.ActiveCfg = Release|Any CPU
		{F2EFF47B-1B72-4097-B895-51BC046C35F7}.Release|Any CPU.Build.0 = Release|Any CPU
	EndGlobalSection
	GlobalSection(SolutionProperties) = preSolution
		HideSolutionNode = FALSE
	EndGlobalSection
	GlobalSection(ExtensibilityGlobals) = postSolution
		SolutionGuid = {394DAC0B-9416-49A6-9CD8-6F6366D66397}
	EndGlobalSection
EndGlobal
